// !$*UTF8*$!
{
	archiveVersion = 1;
	classes = {
	};
	objectVersion = 50;
	objects = {

/* Begin PBXBuildFile section */
		93E7E1352625BDB200F1FC98 /* AppDelegate.swift in Sources */ = {isa = PBXBuildFile; fileRef = 93E7E1342625BDB200F1FC98 /* AppDelegate.swift */; };
		93E7E1392625BDB200F1FC98 /* ViewController.swift in Sources */ = {isa = PBXBuildFile; fileRef = 93E7E1382625BDB200F1FC98 /* ViewController.swift */; };
		93E7E13C2625BDB200F1FC98 /* Main.storyboard in Resources */ = {isa = PBXBuildFile; fileRef = 93E7E13A2625BDB200F1FC98 /* Main.storyboard */; };
		93E7E13E2625BDB400F1FC98 /* Assets.xcassets in Resources */ = {isa = PBXBuildFile; fileRef = 93E7E13D2625BDB400F1FC98 /* Assets.xcassets */; };
		93E7E1412625BDB400F1FC98 /* LaunchScreen.storyboard in Resources */ = {isa = PBXBuildFile; fileRef = 93E7E13F2625BDB400F1FC98 /* LaunchScreen.storyboard */; };
		93E7E14A2625BF2500F1FC98 /* Coordinator.swift in Sources */ = {isa = PBXBuildFile; fileRef = 93E7E1492625BF2500F1FC98 /* Coordinator.swift */; };
		93E7E14D2625BF4F00F1FC98 /* AppCoordinator.swift in Sources */ = {isa = PBXBuildFile; fileRef = 93E7E14C2625BF4F00F1FC98 /* AppCoordinator.swift */; };
		93E7E1572625CB7B00F1FC98 /* LoginViewController.swift in Sources */ = {isa = PBXBuildFile; fileRef = 93E7E1562625CB7B00F1FC98 /* LoginViewController.swift */; };
		93E7E15A2625CB8C00F1FC98 /* RegisterViewController.swift in Sources */ = {isa = PBXBuildFile; fileRef = 93E7E1592625CB8C00F1FC98 /* RegisterViewController.swift */; };
		93E7E15F2625CF6100F1FC98 /* LoginViewModel.swift in Sources */ = {isa = PBXBuildFile; fileRef = 93E7E15E2625CF6100F1FC98 /* LoginViewModel.swift */; };
		93E7E1632625CF8C00F1FC98 /* RegisterViewModel.swift in Sources */ = {isa = PBXBuildFile; fileRef = 93E7E1622625CF8C00F1FC98 /* RegisterViewModel.swift */; };
		93E7E1672625CFA800F1FC98 /* AuthCoordinator.swift in Sources */ = {isa = PBXBuildFile; fileRef = 93E7E1662625CFA800F1FC98 /* AuthCoordinator.swift */; };
/* End PBXBuildFile section */

/* Begin PBXFileReference section */
		93E7E1312625BDB200F1FC98 /* CoordinatorTutorial.app */ = {isa = PBXFileReference; explicitFileType = wrapper.application; includeInIndex = 0; path = CoordinatorTutorial.app; sourceTree = BUILT_PRODUCTS_DIR; };
		93E7E1342625BDB200F1FC98 /* AppDelegate.swift */ = {isa = PBXFileReference; lastKnownFileType = sourcecode.swift; path = AppDelegate.swift; sourceTree = "<group>"; };
		93E7E1382625BDB200F1FC98 /* ViewController.swift */ = {isa = PBXFileReference; lastKnownFileType = sourcecode.swift; path = ViewController.swift; sourceTree = "<group>"; };
		93E7E13B2625BDB200F1FC98 /* Base */ = {isa = PBXFileReference; lastKnownFileType = file.storyboard; name = Base; path = Base.lproj/Main.storyboard; sourceTree = "<group>"; };
		93E7E13D2625BDB400F1FC98 /* Assets.xcassets */ = {isa = PBXFileReference; lastKnownFileType = folder.assetcatalog; path = Assets.xcassets; sourceTree = "<group>"; };
		93E7E1402625BDB400F1FC98 /* Base */ = {isa = PBXFileReference; lastKnownFileType = file.storyboard; name = Base; path = Base.lproj/LaunchScreen.storyboard; sourceTree = "<group>"; };
		93E7E1422625BDB400F1FC98 /* Info.plist */ = {isa = PBXFileReference; lastKnownFileType = text.plist.xml; path = Info.plist; sourceTree = "<group>"; };
		93E7E1492625BF2500F1FC98 /* Coordinator.swift */ = {isa = PBXFileReference; lastKnownFileType = sourcecode.swift; path = Coordinator.swift; sourceTree = "<group>"; };
		93E7E14C2625BF4F00F1FC98 /* AppCoordinator.swift */ = {isa = PBXFileReference; lastKnownFileType = sourcecode.swift; path = AppCoordinator.swift; sourceTree = "<group>"; };
		93E7E1562625CB7B00F1FC98 /* LoginViewController.swift */ = {isa = PBXFileReference; lastKnownFileType = sourcecode.swift; path = LoginViewController.swift; sourceTree = "<group>"; };
		93E7E1592625CB8C00F1FC98 /* RegisterViewController.swift */ = {isa = PBXFileReference; lastKnownFileType = sourcecode.swift; path = RegisterViewController.swift; sourceTree = "<group>"; };
		93E7E15E2625CF6100F1FC98 /* LoginViewModel.swift */ = {isa = PBXFileReference; lastKnownFileType = sourcecode.swift; path = LoginViewModel.swift; sourceTree = "<group>"; };
		93E7E1622625CF8C00F1FC98 /* RegisterViewModel.swift */ = {isa = PBXFileReference; lastKnownFileType = sourcecode.swift; path = RegisterViewModel.swift; sourceTree = "<group>"; };
		93E7E1662625CFA800F1FC98 /* AuthCoordinator.swift */ = {isa = PBXFileReference; lastKnownFileType = sourcecode.swift; path = AuthCoordinator.swift; sourceTree = "<group>"; };
/* End PBXFileReference section */

/* Begin PBXFrameworksBuildPhase section */
		93E7E12E2625BDB200F1FC98 /* Frameworks */ = {
			isa = PBXFrameworksBuildPhase;
			buildActionMask = 2147483647;
			files = (
			);
			runOnlyForDeploymentPostprocessing = 0;
		};
/* End PBXFrameworksBuildPhase section */

/* Begin PBXGroup section */
		93E7E1282625BDB200F1FC98 = {
			isa = PBXGroup;
			children = (
				93E7E1332625BDB200F1FC98 /* CoordinatorTutorial */,
				93E7E1322625BDB200F1FC98 /* Products */,
			);
			sourceTree = "<group>";
		};
		93E7E1322625BDB200F1FC98 /* Products */ = {
			isa = PBXGroup;
			children = (
				93E7E1312625BDB200F1FC98 /* CoordinatorTutorial.app */,
			);
			name = Products;
			sourceTree = "<group>";
		};
		93E7E1332625BDB200F1FC98 /* CoordinatorTutorial */ = {
			isa = PBXGroup;
			children = (
				93E7E1652625CF9B00F1FC98 /* Coordinators */,
				93E7E1552625CB6F00F1FC98 /* ViewModels */,
				93E7E1542625CB6A00F1FC98 /* ViewControllers */,
				93E7E1342625BDB200F1FC98 /* AppDelegate.swift */,
				93E7E1382625BDB200F1FC98 /* ViewController.swift */,
				93E7E13A2625BDB200F1FC98 /* Main.storyboard */,
				93E7E13D2625BDB400F1FC98 /* Assets.xcassets */,
				93E7E13F2625BDB400F1FC98 /* LaunchScreen.storyboard */,
				93E7E1422625BDB400F1FC98 /* Info.plist */,
				93E7E1492625BF2500F1FC98 /* Coordinator.swift */,
				93E7E14C2625BF4F00F1FC98 /* AppCoordinator.swift */,
			);
			path = CoordinatorTutorial;
			sourceTree = "<group>";
		};
		93E7E1542625CB6A00F1FC98 /* ViewControllers */ = {
			isa = PBXGroup;
			children = (
				93E7E1562625CB7B00F1FC98 /* LoginViewController.swift */,
				93E7E1592625CB8C00F1FC98 /* RegisterViewController.swift */,
			);
			path = ViewControllers;
			sourceTree = "<group>";
		};
		93E7E1552625CB6F00F1FC98 /* ViewModels */ = {
			isa = PBXGroup;
			children = (
				93E7E15E2625CF6100F1FC98 /* LoginViewModel.swift */,
				93E7E1622625CF8C00F1FC98 /* RegisterViewModel.swift */,
			);
			path = ViewModels;
			sourceTree = "<group>";
		};
		93E7E1652625CF9B00F1FC98 /* Coordinators */ = {
			isa = PBXGroup;
			children = (
				93E7E1662625CFA800F1FC98 /* AuthCoordinator.swift */,
			);
			path = Coordinators;
			sourceTree = "<group>";
		};
/* End PBXGroup section */

/* Begin PBXNativeTarget section */
		93E7E1302625BDB200F1FC98 /* CoordinatorTutorial */ = {
			isa = PBXNativeTarget;
			buildConfigurationList = 93E7E1452625BDB400F1FC98 /* Build configuration list for PBXNativeTarget "CoordinatorTutorial" */;
			buildPhases = (
				93E7E12D2625BDB200F1FC98 /* Sources */,
				93E7E12E2625BDB200F1FC98 /* Frameworks */,
				93E7E12F2625BDB200F1FC98 /* Resources */,
			);
			buildRules = (
			);
			dependencies = (
			);
			name = CoordinatorTutorial;
			productName = CoordinatorTutorial;
			productReference = 93E7E1312625BDB200F1FC98 /* CoordinatorTutorial.app */;
			productType = "com.apple.product-type.application";
		};
/* End PBXNativeTarget section */

/* Begin PBXProject section */
		93E7E1292625BDB200F1FC98 /* Project object */ = {
			isa = PBXProject;
			attributes = {
				LastSwiftUpdateCheck = 1240;
				LastUpgradeCheck = 1240;
				TargetAttributes = {
					93E7E1302625BDB200F1FC98 = {
						CreatedOnToolsVersion = 12.4;
					};
				};
			};
			buildConfigurationList = 93E7E12C2625BDB200F1FC98 /* Build configuration list for PBXProject "CoordinatorTutorial" */;
			compatibilityVersion = "Xcode 9.3";
			developmentRegion = en;
			hasScannedForEncodings = 0;
			knownRegions = (
				en,
				Base,
			);
			mainGroup = 93E7E1282625BDB200F1FC98;
			productRefGroup = 93E7E1322625BDB200F1FC98 /* Products */;
			projectDirPath = "";
			projectRoot = "";
			targets = (
				93E7E1302625BDB200F1FC98 /* CoordinatorTutorial */,
			);
		};
/* End PBXProject section */

/* Begin PBXResourcesBuildPhase section */
		93E7E12F2625BDB200F1FC98 /* Resources */ = {
			isa = PBXResourcesBuildPhase;
			buildActionMask = 2147483647;
			files = (
				93E7E1412625BDB400F1FC98 /* LaunchScreen.storyboard in Resources */,
				93E7E13E2625BDB400F1FC98 /* Assets.xcassets in Resources */,
				93E7E13C2625BDB200F1FC98 /* Main.storyboard in Resources */,
			);
			runOnlyForDeploymentPostprocessing = 0;
		};
/* End PBXResourcesBuildPhase section */

/* Begin PBXSourcesBuildPhase section */
		93E7E12D2625BDB200F1FC98 /* Sources */ = {
			isa = PBXSourcesBuildPhase;
			buildActionMask = 2147483647;
			files = (
				93E7E14A2625BF2500F1FC98 /* Coordinator.swift in Sources */,
				93E7E1392625BDB200F1FC98 /* ViewController.swift in Sources */,
				93E7E15A2625CB8C00F1FC98 /* RegisterViewController.swift in Sources */,
				93E7E1632625CF8C00F1FC98 /* RegisterViewModel.swift in Sources */,
				93E7E15F2625CF6100F1FC98 /* LoginViewModel.swift in Sources */,
				93E7E14D2625BF4F00F1FC98 /* AppCoordinator.swift in Sources */,
				93E7E1572625CB7B00F1FC98 /* LoginViewController.swift in Sources */,
				93E7E1672625CFA800F1FC98 /* AuthCoordinator.swift in Sources */,
				93E7E1352625BDB200F1FC98 /* AppDelegate.swift in Sources */,
			);
			runOnlyForDeploymentPostprocessing = 0;
		};
/* End PBXSourcesBuildPhase section */

/* Begin PBXVariantGroup section */
		93E7E13A2625BDB200F1FC98 /* Main.storyboard */ = {
			isa = PBXVariantGroup;
			children = (
				93E7E13B2625BDB200F1FC98 /* Base */,
			);
			name = Main.storyboard;
			sourceTree = "<group>";
		};
		93E7E13F2625BDB400F1FC98 /* LaunchScreen.storyboard */ = {
			isa = PBXVariantGroup;
			children = (
				93E7E1402625BDB400F1FC98 /* Base */,
			);
			name = LaunchScreen.storyboard;
			sourceTree = "<group>";
		};
/* End PBXVariantGroup section */

/* Begin XCBuildConfiguration section */
		93E7E1432625BDB400F1FC98 /* Debug */ = {
			isa = XCBuildConfiguration;
			buildSettings = {
				ALWAYS_SEARCH_USER_PATHS = NO;
				CLANG_ANALYZER_NONNULL = YES;
				CLANG_ANALYZER_NUMBER_OBJECT_CONVERSION = YES_AGGRESSIVE;
				CLANG_CXX_LANGUAGE_STANDARD = "gnu++14";
				CLANG_CXX_LIBRARY = "libc++";
				CLANG_ENABLE_MODULES = YES;
				CLANG_ENABLE_OBJC_ARC = YES;
				CLANG_ENABLE_OBJC_WEAK = YES;
				CLANG_WARN_BLOCK_CAPTURE_AUTORELEASING = YES;
				CLANG_WARN_BOOL_CONVERSION = YES;
				CLANG_WARN_COMMA = YES;
				CLANG_WARN_CONSTANT_CONVERSION = YES;
				CLANG_WARN_DEPRECATED_OBJC_IMPLEMENTATIONS = YES;
				CLANG_WARN_DIRECT_OBJC_ISA_USAGE = YES_ERROR;
				CLANG_WARN_DOCUMENTATION_COMMENTS = YES;
				CLANG_WARN_EMPTY_BODY = YES;
				CLANG_WARN_ENUM_CONVERSION = YES;
				CLANG_WARN_INFINITE_RECURSION = YES;
				CLANG_WARN_INT_CONVERSION = YES;
				CLANG_WARN_NON_LITERAL_NULL_CONVERSION = YES;
				CLANG_WARN_OBJC_IMPLICIT_RETAIN_SELF = YES;
				CLANG_WARN_OBJC_LITERAL_CONVERSION = YES;
				CLANG_WARN_OBJC_ROOT_CLASS = YES_ERROR;
				CLANG_WARN_QUOTED_INCLUDE_IN_FRAMEWORK_HEADER = YES;
				CLANG_WARN_RANGE_LOOP_ANALYSIS = YES;
				CLANG_WARN_STRICT_PROTOTYPES = YES;
				CLANG_WARN_SUSPICIOUS_MOVE = YES;
				CLANG_WARN_UNGUARDED_AVAILABILITY = YES_AGGRESSIVE;
				CLANG_WARN_UNREACHABLE_CODE = YES;
				CLANG_WARN__DUPLICATE_METHOD_MATCH = YES;
				COPY_PHASE_STRIP = NO;
				DEBUG_INFORMATION_FORMAT = dwarf;
				ENABLE_STRICT_OBJC_MSGSEND = YES;
				ENABLE_TESTABILITY = YES;
				GCC_C_LANGUAGE_STANDARD = gnu11;
				GCC_DYNAMIC_NO_PIC = NO;
				GCC_NO_COMMON_BLOCKS = YES;
				GCC_OPTIMIZATION_LEVEL = 0;
				GCC_PREPROCESSOR_DEFINITIONS = (
					"DEBUG=1",
					"$(inherited)",
				);
				GCC_WARN_64_TO_32_BIT_CONVERSION = YES;
				GCC_WARN_ABOUT_RETURN_TYPE = YES_ERROR;
				GCC_WARN_UNDECLARED_SELECTOR = YES;
				GCC_WARN_UNINITIALIZED_AUTOS = YES_AGGRESSIVE;
				GCC_WARN_UNUSED_FUNCTION = YES;
				GCC_WARN_UNUSED_VARIABLE = YES;
				IPHONEOS_DEPLOYMENT_TARGET = 12.0;
				MTL_ENABLE_DEBUG_INFO = INCLUDE_SOURCE;
				MTL_FAST_MATH = YES;
				ONLY_ACTIVE_ARCH = YES;
				SDKROOT = iphoneos;
				SWIFT_ACTIVE_COMPILATION_CONDITIONS = DEBUG;
				SWIFT_OPTIMIZATION_LEVEL = "-Onone";
			};
			name = Debug;
		};
		93E7E1442625BDB400F1FC98 /* Release */ = {
			isa = XCBuildConfiguration;
			buildSettings = {
				ALWAYS_SEARCH_USER_PATHS = NO;
				CLANG_ANALYZER_NONNULL = YES;
				CLANG_ANALYZER_NUMBER_OBJECT_CONVERSION = YES_AGGRESSIVE;
				CLANG_CXX_LANGUAGE_STANDARD = "gnu++14";
				CLANG_CXX_LIBRARY = "libc++";
				CLANG_ENABLE_MODULES = YES;
				CLANG_ENABLE_OBJC_ARC = YES;
				CLANG_ENABLE_OBJC_WEAK = YES;
				CLANG_WARN_BLOCK_CAPTURE_AUTORELEASING = YES;
				CLANG_WARN_BOOL_CONVERSION = YES;
				CLANG_WARN_COMMA = YES;
				CLANG_WARN_CONSTANT_CONVERSION = YES;
				CLANG_WARN_DEPRECATED_OBJC_IMPLEMENTATIONS = YES;
				CLANG_WARN_DIRECT_OBJC_ISA_USAGE = YES_ERROR;
				CLANG_WARN_DOCUMENTATION_COMMENTS = YES;
				CLANG_WARN_EMPTY_BODY = YES;
				CLANG_WARN_ENUM_CONVERSION = YES;
				CLANG_WARN_INFINITE_RECURSION = YES;
				CLANG_WARN_INT_CONVERSION = YES;
				CLANG_WARN_NON_LITERAL_NULL_CONVERSION = YES;
				CLANG_WARN_OBJC_IMPLICIT_RETAIN_SELF = YES;
				CLANG_WARN_OBJC_LITERAL_CONVERSION = YES;
				CLANG_WARN_OBJC_ROOT_CLASS = YES_ERROR;
				CLANG_WARN_QUOTED_INCLUDE_IN_FRAMEWORK_HEADER = YES;
				CLANG_WARN_RANGE_LOOP_ANALYSIS = YES;
				CLANG_WARN_STRICT_PROTOTYPES = YES;
				CLANG_WARN_SUSPICIOUS_MOVE = YES;
				CLANG_WARN_UNGUARDED_AVAILABILITY = YES_AGGRESSIVE;
				CLANG_WARN_UNREACHABLE_CODE = YES;
				CLANG_WARN__DUPLICATE_METHOD_MATCH = YES;
				COPY_PHASE_STRIP = NO;
				DEBUG_INFORMATION_FORMAT = "dwarf-with-dsym";
				ENABLE_NS_ASSERTIONS = NO;
				ENABLE_STRICT_OBJC_MSGSEND = YES;
				GCC_C_LANGUAGE_STANDARD = gnu11;
				GCC_NO_COMMON_BLOCKS = YES;
				GCC_WARN_64_TO_32_BIT_CONVERSION = YES;
				GCC_WARN_ABOUT_RETURN_TYPE = YES_ERROR;
				GCC_WARN_UNDECLARED_SELECTOR = YES;
				GCC_WARN_UNINITIALIZED_AUTOS = YES_AGGRESSIVE;
				GCC_WARN_UNUSED_FUNCTION = YES;
				GCC_WARN_UNUSED_VARIABLE = YES;
				IPHONEOS_DEPLOYMENT_TARGET = 12.0;
				MTL_ENABLE_DEBUG_INFO = NO;
				MTL_FAST_MATH = YES;
				SDKROOT = iphoneos;
				SWIFT_COMPILATION_MODE = wholemodule;
				SWIFT_OPTIMIZATION_LEVEL = "-O";
				VALIDATE_PRODUCT = YES;
			};
			name = Release;
		};
		93E7E1462625BDB400F1FC98 /* Debug */ = {
			isa = XCBuildConfiguration;
			buildSettings = {
				ASSETCATALOG_COMPILER_APPICON_NAME = AppIcon;
				ASSETCATALOG_COMPILER_GLOBAL_ACCENT_COLOR_NAME = AccentColor;
				CODE_SIGN_STYLE = Automatic;
				DEVELOPMENT_TEAM = 85879C62RU;
				INFOPLIST_FILE = CoordinatorTutorial/Info.plist;
				LD_RUNPATH_SEARCH_PATHS = (
					"$(inherited)",
					"@executable_path/Frameworks",
				);
				PRODUCT_BUNDLE_IDENTIFIER = com.xenoire.CoordinatorTutorial;
				PRODUCT_NAME = "$(TARGET_NAME)";
				SWIFT_VERSION = 5.0;
				TARGETED_DEVICE_FAMILY = "1,2";
			};
			name = Debug;
		};
		93E7E1472625BDB400F1FC98 /* Release */ = {
			isa = XCBuildConfiguration;
			buildSettings = {
				ASSETCATALOG_COMPILER_APPICON_NAME = AppIcon;
				ASSETCATALOG_COMPILER_GLOBAL_ACCENT_COLOR_NAME = AccentColor;
				CODE_SIGN_STYLE = Automatic;
				DEVELOPMENT_TEAM = 85879C62RU;
				INFOPLIST_FILE = CoordinatorTutorial/Info.plist;
				LD_RUNPATH_SEARCH_PATHS = (
					"$(inherited)",
					"@executable_path/Frameworks",
				);
				PRODUCT_BUNDLE_IDENTIFIER = com.xenoire.CoordinatorTutorial;
				PRODUCT_NAME = "$(TARGET_NAME)";
				SWIFT_VERSION = 5.0;
				TARGETED_DEVICE_FAMILY = "1,2";
			};
			name = Release;
		};
/* End XCBuildConfiguration section */

/* Begin XCConfigurationList section */
		93E7E12C2625BDB200F1FC98 /* Build configuration list for PBXProject "CoordinatorTutorial" */ = {
			isa = XCConfigurationList;
			buildConfigurations = (
				93E7E1432625BDB400F1FC98 /* Debug */,
				93E7E1442625BDB400F1FC98 /* Release */,
			);
			defaultConfigurationIsVisible = 0;
			defaultConfigurationName = Release;
		};
		93E7E1452625BDB400F1FC98 /* Build configuration list for PBXNativeTarget "CoordinatorTutorial" */ = {
			isa = XCConfigurationList;
			buildConfigurations = (
				93E7E1462625BDB400F1FC98 /* Debug */,
				93E7E1472625BDB400F1FC98 /* Release */,
			);
			defaultConfigurationIsVisible = 0;
			defaultConfigurationName = Release;
		};
/* End XCConfigurationList section */
	};
	rootObject = 93E7E1292625BDB200F1FC98 /* Project object */;
}
